// !$*UTF8*$!
{
	archiveVersion = 1;
	classes = {
	};
	objectVersion = 46;
	objects = {

/* Begin PBXBuildFile section */
		846DF2BA1E63712600F41FD6 /* AppDelegate.swift in Sources */ = {isa = PBXBuildFile; fileRef = 846DF2B91E63712600F41FD6 /* AppDelegate.swift */; };
		846DF2BF1E63712600F41FD6 /* Main.storyboard in Resources */ = {isa = PBXBuildFile; fileRef = 846DF2BD1E63712600F41FD6 /* Main.storyboard */; };
		846DF2C11E63712600F41FD6 /* Assets.xcassets in Resources */ = {isa = PBXBuildFile; fileRef = 846DF2C01E63712600F41FD6 /* Assets.xcassets */; };
		846DF2C41E63712600F41FD6 /* LaunchScreen.storyboard in Resources */ = {isa = PBXBuildFile; fileRef = 846DF2C21E63712600F41FD6 /* LaunchScreen.storyboard */; };
		846DF2CC1E63755E00F41FD6 /* MapViewController.swift in Sources */ = {isa = PBXBuildFile; fileRef = 846DF2CB1E63755E00F41FD6 /* MapViewController.swift */; };
		846DF2D01E6375C600F41FD6 /* MapHTMLCode.html in Resources */ = {isa = PBXBuildFile; fileRef = 846DF2CF1E6375C600F41FD6 /* MapHTMLCode.html */; };
/* End PBXBuildFile section */

/* Begin PBXFileReference section */
		846DF2B61E63712600F41FD6 /* DiplomMagistratura.app */ = {isa = PBXFileReference; explicitFileType = wrapper.application; includeInIndex = 0; path = DiplomMagistratura.app; sourceTree = BUILT_PRODUCTS_DIR; };
		846DF2B91E63712600F41FD6 /* AppDelegate.swift */ = {isa = PBXFileReference; lastKnownFileType = sourcecode.swift; path = AppDelegate.swift; sourceTree = "<group>"; };
		846DF2BE1E63712600F41FD6 /* Base */ = {isa = PBXFileReference; lastKnownFileType = file.storyboard; name = Base; path = Base.lproj/Main.storyboard; sourceTree = "<group>"; };
		846DF2C01E63712600F41FD6 /* Assets.xcassets */ = {isa = PBXFileReference; lastKnownFileType = folder.assetcatalog; path = Assets.xcassets; sourceTree = "<group>"; };
		846DF2C31E63712600F41FD6 /* Base */ = {isa = PBXFileReference; lastKnownFileType = file.storyboard; name = Base; path = Base.lproj/LaunchScreen.storyboard; sourceTree = "<group>"; };
		846DF2C51E63712600F41FD6 /* Info.plist */ = {isa = PBXFileReference; lastKnownFileType = text.plist.xml; path = Info.plist; sourceTree = "<group>"; };
		846DF2CB1E63755E00F41FD6 /* MapViewController.swift */ = {isa = PBXFileReference; fileEncoding = 4; lastKnownFileType = sourcecode.swift; path = MapViewController.swift; sourceTree = "<group>"; };
		846DF2CF1E6375C600F41FD6 /* MapHTMLCode.html */ = {isa = PBXFileReference; fileEncoding = 4; lastKnownFileType = text.html; path = MapHTMLCode.html; sourceTree = "<group>"; };
/* End PBXFileReference section */

/* Begin PBXFrameworksBuildPhase section */
		846DF2B31E63712500F41FD6 /* Frameworks */ = {
			isa = PBXFrameworksBuildPhase;
			buildActionMask = 2147483647;
			files = (
			);
			runOnlyForDeploymentPostprocessing = 0;
		};
/* End PBXFrameworksBuildPhase section */

/* Begin PBXGroup section */
		846DF2AD1E63712500F41FD6 = {
			isa = PBXGroup;
			children = (
				846DF2B81E63712600F41FD6 /* DiplomMagistratura */,
				846DF2B71E63712600F41FD6 /* Products */,
			);
			sourceTree = "<group>";
		};
		846DF2B71E63712600F41FD6 /* Products */ = {
			isa = PBXGroup;
			children = (
				846DF2B61E63712600F41FD6 /* DiplomMagistratura.app */,
			);
			name = Products;
			sourceTree = "<group>";
		};
		846DF2B81E63712600F41FD6 /* DiplomMagistratura */ = {
			isa = PBXGroup;
			children = (
				846DF2CE1E6375A200F41FD6 /* Supports */,
				846DF2CD1E63756500F41FD6 /* Controllers */,
				846DF2B91E63712600F41FD6 /* AppDelegate.swift */,
				846DF2BD1E63712600F41FD6 /* Main.storyboard */,
				846DF2C01E63712600F41FD6 /* Assets.xcassets */,
				846DF2C21E63712600F41FD6 /* LaunchScreen.storyboard */,
				846DF2C51E63712600F41FD6 /* Info.plist */,
			);
			path = DiplomMagistratura;
			sourceTree = "<group>";
		};
		846DF2CD1E63756500F41FD6 /* Controllers */ = {
			isa = PBXGroup;
			children = (
				846DF2CB1E63755E00F41FD6 /* MapViewController.swift */,
			);
			name = Controllers;
			sourceTree = "<group>";
		};
		846DF2CE1E6375A200F41FD6 /* Supports */ = {
			isa = PBXGroup;
			children = (
				846DF2CF1E6375C600F41FD6 /* MapHTMLCode.html */,
			);
			name = Supports;
			sourceTree = "<group>";
		};
/* End PBXGroup section */

/* Begin PBXNativeTarget section */
		846DF2B51E63712500F41FD6 /* DiplomMagistratura */ = {
			isa = PBXNativeTarget;
			buildConfigurationList = 846DF2C81E63712600F41FD6 /* Build configuration list for PBXNativeTarget "DiplomMagistratura" */;
			buildPhases = (
				846DF2B21E63712500F41FD6 /* Sources */,
				846DF2B31E63712500F41FD6 /* Frameworks */,
				846DF2B41E63712500F41FD6 /* Resources */,
			);
			buildRules = (
			);
			dependencies = (
			);
			name = DiplomMagistratura;
			productName = DiplomMagistratura;
			productReference = 846DF2B61E63712600F41FD6 /* DiplomMagistratura.app */;
			productType = "com.apple.product-type.application";
		};
/* End PBXNativeTarget section */

/* Begin PBXProject section */
		846DF2AE1E63712500F41FD6 /* Project object */ = {
			isa = PBXProject;
			attributes = {
				LastSwiftUpdateCheck = 0820;
				LastUpgradeCheck = 0820;
				ORGANIZATIONNAME = SergeyPilipenko;
				TargetAttributes = {
					846DF2B51E63712500F41FD6 = {
						CreatedOnToolsVersion = 8.2.1;
						DevelopmentTeam = SYR3C2CF5L;
						ProvisioningStyle = Automatic;
					};
				};
			};
			buildConfigurationList = 846DF2B11E63712500F41FD6 /* Build configuration list for PBXProject "DiplomMagistratura" */;
			compatibilityVersion = "Xcode 3.2";
			developmentRegion = English;
			hasScannedForEncodings = 0;
			knownRegions = (
				en,
				Base,
			);
			mainGroup = 846DF2AD1E63712500F41FD6;
			productRefGroup = 846DF2B71E63712600F41FD6 /* Products */;
			projectDirPath = "";
			projectRoot = "";
			targets = (
				846DF2B51E63712500F41FD6 /* DiplomMagistratura */,
			);
		};
/* End PBXProject section */

/* Begin PBXResourcesBuildPhase section */
		846DF2B41E63712500F41FD6 /* Resources */ = {
			isa = PBXResourcesBuildPhase;
			buildActionMask = 2147483647;
			files = (
				846DF2C41E63712600F41FD6 /* LaunchScreen.storyboard in Resources */,
				846DF2D01E6375C600F41FD6 /* MapHTMLCode.html in Resources */,
				846DF2C11E63712600F41FD6 /* Assets.xcassets in Resources */,
				846DF2BF1E63712600F41FD6 /* Main.storyboard in Resources */,
			);
			runOnlyForDeploymentPostprocessing = 0;
		};
/* End PBXResourcesBuildPhase section */

/* Begin PBXSourcesBuildPhase section */
		846DF2B21E63712500F41FD6 /* Sources */ = {
			isa = PBXSourcesBuildPhase;
			buildActionMask = 2147483647;
			files = (
				846DF2BA1E63712600F41FD6 /* AppDelegate.swift in Sources */,
				846DF2CC1E63755E00F41FD6 /* MapViewController.swift in Sources */,
			);
			runOnlyForDeploymentPostprocessing = 0;
		};
/* End PBXSourcesBuildPhase section */

/* Begin PBXVariantGroup section */
		846DF2BD1E63712600F41FD6 /* Main.storyboard */ = {
			isa = PBXVariantGroup;
			children = (
				846DF2BE1E63712600F41FD6 /* Base */,
			);
			name = Main.storyboard;
			sourceTree = "<group>";
		};
		846DF2C21E63712600F41FD6 /* LaunchScreen.storyboard */ = {
			isa = PBXVariantGroup;
			children = (
				846DF2C31E63712600F41FD6 /* Base */,
			);
			name = LaunchScreen.storyboard;
			sourceTree = "<group>";
		};
/* End PBXVariantGroup section */

/* Begin XCBuildConfiguration section */
		846DF2C61E63712600F41FD6 /* Debug */ = {
			isa = XCBuildConfiguration;
			buildSettings = {
				ALWAYS_SEARCH_USER_PATHS = NO;
				CLANG_ANALYZER_NONNULL = YES;
				CLANG_CXX_LANGUAGE_STANDARD = "gnu++0x";
				CLANG_CXX_LIBRARY = "libc++";
				CLANG_ENABLE_MODULES = YES;
				CLANG_ENABLE_OBJC_ARC = YES;
				CLANG_WARN_BOOL_CONVERSION = YES;
				CLANG_WARN_CONSTANT_CONVERSION = YES;
				CLANG_WARN_DIRECT_OBJC_ISA_USAGE = YES_ERROR;
				CLANG_WARN_DOCUMENTATION_COMMENTS = YES;
				CLANG_WARN_EMPTY_BODY = YES;
				CLANG_WARN_ENUM_CONVERSION = YES;
				CLANG_WARN_INFINITE_RECURSION = YES;
				CLANG_WARN_INT_CONVERSION = YES;
				CLANG_WARN_OBJC_ROOT_CLASS = YES_ERROR;
				CLANG_WARN_SUSPICIOUS_MOVE = YES;
				CLANG_WARN_UNREACHABLE_CODE = YES;
				CLANG_WARN__DUPLICATE_METHOD_MATCH = YES;
				"CODE_SIGN_IDENTITY[sdk=iphoneos*]" = "iPhone Developer";
				COPY_PHASE_STRIP = NO;
				DEBUG_INFORMATION_FORMAT = dwarf;
				ENABLE_STRICT_OBJC_MSGSEND = YES;
				ENABLE_TESTABILITY = YES;
				GCC_C_LANGUAGE_STANDARD = gnu99;
				GCC_DYNAMIC_NO_PIC = NO;
				GCC_NO_COMMON_BLOCKS = YES;
				GCC_OPTIMIZATION_LEVEL = 0;
				GCC_PREPROCESSOR_DEFINITIONS = (
					"DEBUG=1",
					"$(inherited)",
				);
				GCC_WARN_64_TO_32_BIT_CONVERSION = YES;
				GCC_WARN_ABOUT_RETURN_TYPE = YES_ERROR;
				GCC_WARN_UNDECLARED_SELECTOR = YES;
				GCC_WARN_UNINITIALIZED_AUTOS = YES_AGGRESSIVE;
				GCC_WARN_UNUSED_FUNCTION = YES;
				GCC_WARN_UNUSED_VARIABLE = YES;
				IPHONEOS_DEPLOYMENT_TARGET = 10.2;
				MTL_ENABLE_DEBUG_INFO = YES;
				ONLY_ACTIVE_ARCH = YES;
				SDKROOT = iphoneos;
				SWIFT_ACTIVE_COMPILATION_CONDITIONS = DEBUG;
				SWIFT_OPTIMIZATION_LEVEL = "-Onone";
			};
			name = Debug;
		};
		846DF2C71E63712600F41FD6 /* Release */ = {
			isa = XCBuildConfiguration;
			buildSettings = {
				ALWAYS_SEARCH_USER_PATHS = NO;
				CLANG_ANALYZER_NONNULL = YES;
				CLANG_CXX_LANGUAGE_STANDARD = "gnu++0x";
				CLANG_CXX_LIBRARY = "libc++";
				CLANG_ENABLE_MODULES = YES;
				CLANG_ENABLE_OBJC_ARC = YES;
				CLANG_WARN_BOOL_CONVERSION = YES;
				CLANG_WARN_CONSTANT_CONVERSION = YES;
				CLANG_WARN_DIRECT_OBJC_ISA_USAGE = YES_ERROR;
				CLANG_WARN_DOCUMENTATION_COMMENTS = YES;
				CLANG_WARN_EMPTY_BODY = YES;
				CLANG_WARN_ENUM_CONVERSION = YES;
				CLANG_WARN_INFINITE_RECURSION = YES;
				CLANG_WARN_INT_CONVERSION = YES;
				CLANG_WARN_OBJC_ROOT_CLASS = YES_ERROR;
				CLANG_WARN_SUSPICIOUS_MOVE = YES;
				CLANG_WARN_UNREACHABLE_CODE = YES;
				CLANG_WARN__DUPLICATE_METHOD_MATCH = YES;
				"CODE_SIGN_IDENTITY[sdk=iphoneos*]" = "iPhone Developer";
				COPY_PHASE_STRIP = NO;
				DEBUG_INFORMATION_FORMAT = "dwarf-with-dsym";
				ENABLE_NS_ASSERTIONS = NO;
				ENABLE_STRICT_OBJC_MSGSEND = YES;
				GCC_C_LANGUAGE_STANDARD = gnu99;
				GCC_NO_COMMON_BLOCKS = YES;
				GCC_WARN_64_TO_32_BIT_CONVERSION = YES;
				GCC_WARN_ABOUT_RETURN_TYPE = YES_ERROR;
				GCC_WARN_UNDECLARED_SELECTOR = YES;
				GCC_WARN_UNINITIALIZED_AUTOS = YES_AGGRESSIVE;
				GCC_WARN_UNUSED_FUNCTION = YES;
				GCC_WARN_UNUSED_VARIABLE = YES;
				IPHONEOS_DEPLOYMENT_TARGET = 10.2;
				MTL_ENABLE_DEBUG_INFO = NO;
				SDKROOT = iphoneos;
				SWIFT_OPTIMIZATION_LEVEL = "-Owholemodule";
				VALIDATE_PRODUCT = YES;
			};
			name = Release;
		};
		846DF2C91E63712600F41FD6 /* Debug */ = {
			isa = XCBuildConfiguration;
			buildSettings = {
				ASSETCATALOG_COMPILER_APPICON_NAME = AppIcon;
				DEVELOPMENT_TEAM = SYR3C2CF5L;
				INFOPLIST_FILE = DiplomMagistratura/Info.plist;
				LD_RUNPATH_SEARCH_PATHS = "$(inherited) @executable_path/Frameworks";
				PRODUCT_BUNDLE_IDENTIFIER = com.SergeyPilipenkp.DiplomMagistratura;
				PRODUCT_NAME = "$(TARGET_NAME)";
				SWIFT_VERSION = 3.0;
			};
			name = Debug;
		};
		846DF2CA1E63712600F41FD6 /* Release */ = {
			isa = XCBuildConfiguration;
			buildSettings = {
				ASSETCATALOG_COMPILER_APPICON_NAME = AppIcon;
				DEVELOPMENT_TEAM = SYR3C2CF5L;
				INFOPLIST_FILE = DiplomMagistratura/Info.plist;
				LD_RUNPATH_SEARCH_PATHS = "$(inherited) @executable_path/Frameworks";
				PRODUCT_BUNDLE_IDENTIFIER = com.SergeyPilipenkp.DiplomMagistratura;
				PRODUCT_NAME = "$(TARGET_NAME)";
				SWIFT_VERSION = 3.0;
			};
			name = Release;
		};
/* End XCBuildConfiguration section */

/* Begin XCConfigurationList section */
		846DF2B11E63712500F41FD6 /* Build configuration list for PBXProject "DiplomMagistratura" */ = {
			isa = XCConfigurationList;
			buildConfigurations = (
				846DF2C61E63712600F41FD6 /* Debug */,
				846DF2C71E63712600F41FD6 /* Release */,
			);
			defaultConfigurationIsVisible = 0;
			defaultConfigurationName = Release;
		};
		846DF2C81E63712600F41FD6 /* Build configuration list for PBXNativeTarget "DiplomMagistratura" */ = {
			isa = XCConfigurationList;
			buildConfigurations = (
				846DF2C91E63712600F41FD6 /* Debug */,
				846DF2CA1E63712600F41FD6 /* Release */,
			);
			defaultConfigurationIsVisible = 0;
		};
/* End XCConfigurationList section */
	};
	rootObject = 846DF2AE1E63712500F41FD6 /* Project object */;
}
